
Microsoft Visual Studio Solution File, Format Version 12.00
# Visual Studio Version 16
VisualStudioVersion = 16.6.30114.105
MinimumVisualStudioVersion = 10.0.40219.1
Project("{2150E333-8FDC-42A3-9474-1A3956D46DE8}") = "src", "src", "{80498384-5925-43B3-B5C0-95F110CCF62B}"
EndProject
Project("{9A19103F-16F7-4668-BE54-9A1E7A4F7556}") = "IdentityServer", "src\IdentityServer\IdentityServer.csproj", "{2FF1AA2C-DDF8-40A6-9B9F-8BC552E3CA2D}"
EndProject
Project("{9A19103F-16F7-4668-BE54-9A1E7A4F7556}") = "Api", "src\Api\Api.csproj", "{F7BD202B-0E95-4BDF-86DB-EC27E11748E4}"
EndProject
Project("{9A19103F-16F7-4668-BE54-9A1E7A4F7556}") = "ThirdParty.Client", "src\Client\ThirdParty.Client.csproj", "{4065FF38-3D10-4176-8384-33E64064A3B9}"
EndProject
Project("{9A19103F-16F7-4668-BE54-9A1E7A4F7556}") = "Web.Client", "src\MvcClient\Web.Client.csproj", "{20AA8442-0CA7-4FCF-8595-0E07CAF189FF}"
EndProject
Project("{9A19103F-16F7-4668-BE54-9A1E7A4F7556}") = "Frontend.Client", "src\JavaScriptClient\Frontend.Client.csproj", "{E81D4680-36EE-40E1-B4C9-32716F04AB3E}"
EndProject
Project("{2150E333-8FDC-42A3-9474-1A3956D46DE8}") = "Clients", "Clients", "{E1E7480F-1D97-4EED-9C5C-2DFE174C7456}"
EndProject
Project("{2150E333-8FDC-42A3-9474-1A3956D46DE8}") = "API Resources", "API Resources", "{4873FD7C-E767-44E8-B807-15E238D572C9}"
EndProject
Project("{2150E333-8FDC-42A3-9474-1A3956D46DE8}") = "Identity Server", "Identity Server", "{BDBA05E5-2B2F-4CC8-8B8B-A644A5840455}"
EndProject
Global
	GlobalSection(SolutionConfigurationPlatforms) = preSolution
		Debug|Any CPU = Debug|Any CPU
		Debug|x64 = Debug|x64
		Debug|x86 = Debug|x86
		Release|Any CPU = Release|Any CPU
		Release|x64 = Release|x64
		Release|x86 = Release|x86
	EndGlobalSection
	GlobalSection(ProjectConfigurationPlatforms) = postSolution
		{2FF1AA2C-DDF8-40A6-9B9F-8BC552E3CA2D}.Debug|Any CPU.ActiveCfg = Debug|Any CPU
		{2FF1AA2C-DDF8-40A6-9B9F-8BC552E3CA2D}.Debug|Any CPU.Build.0 = Debug|Any CPU
		{2FF1AA2C-DDF8-40A6-9B9F-8BC552E3CA2D}.Debug|x64.ActiveCfg = Debug|Any CPU
		{2FF1AA2C-DDF8-40A6-9B9F-8BC552E3CA2D}.Debug|x64.Build.0 = Debug|Any CPU
		{2FF1AA2C-DDF8-40A6-9B9F-8BC552E3CA2D}.Debug|x86.ActiveCfg = Debug|Any CPU
		{2FF1AA2C-DDF8-40A6-9B9F-8BC552E3CA2D}.Debug|x86.Build.0 = Debug|Any CPU
		{2FF1AA2C-DDF8-40A6-9B9F-8BC552E3CA2D}.Release|Any CPU.ActiveCfg = Release|Any CPU
		{2FF1AA2C-DDF8-40A6-9B9F-8BC552E3CA2D}.Release|Any CPU.Build.0 = Release|Any CPU
		{2FF1AA2C-DDF8-40A6-9B9F-8BC552E3CA2D}.Release|x64.ActiveCfg = Release|Any CPU
		{2FF1AA2C-DDF8-40A6-9B9F-8BC552E3CA2D}.Release|x64.Build.0 = Release|Any CPU
		{2FF1AA2C-DDF8-40A6-9B9F-8BC552E3CA2D}.Release|x86.ActiveCfg = Release|Any CPU
		{2FF1AA2C-DDF8-40A6-9B9F-8BC552E3CA2D}.Release|x86.Build.0 = Release|Any CPU
		{F7BD202B-0E95-4BDF-86DB-EC27E11748E4}.Debug|Any CPU.ActiveCfg = Debug|Any CPU
		{F7BD202B-0E95-4BDF-86DB-EC27E11748E4}.Debug|Any CPU.Build.0 = Debug|Any CPU
		{F7BD202B-0E95-4BDF-86DB-EC27E11748E4}.Debug|x64.ActiveCfg = Debug|Any CPU
		{F7BD202B-0E95-4BDF-86DB-EC27E11748E4}.Debug|x64.Build.0 = Debug|Any CPU
		{F7BD202B-0E95-4BDF-86DB-EC27E11748E4}.Debug|x86.ActiveCfg = Debug|Any CPU
		{F7BD202B-0E95-4BDF-86DB-EC27E11748E4}.Debug|x86.Build.0 = Debug|Any CPU
		{F7BD202B-0E95-4BDF-86DB-EC27E11748E4}.Release|Any CPU.ActiveCfg = Release|Any CPU
		{F7BD202B-0E95-4BDF-86DB-EC27E11748E4}.Release|Any CPU.Build.0 = Release|Any CPU
		{F7BD202B-0E95-4BDF-86DB-EC27E11748E4}.Release|x64.ActiveCfg = Release|Any CPU
		{F7BD202B-0E95-4BDF-86DB-EC27E11748E4}.Release|x64.Build.0 = Release|Any CPU
		{F7BD202B-0E95-4BDF-86DB-EC27E11748E4}.Release|x86.ActiveCfg = Release|Any CPU
		{F7BD202B-0E95-4BDF-86DB-EC27E11748E4}.Release|x86.Build.0 = Release|Any CPU
		{4065FF38-3D10-4176-8384-33E64064A3B9}.Debug|Any CPU.ActiveCfg = Debug|Any CPU
		{4065FF38-3D10-4176-8384-33E64064A3B9}.Debug|Any CPU.Build.0 = Debug|Any CPU
		{4065FF38-3D10-4176-8384-33E64064A3B9}.Debug|x64.ActiveCfg = Debug|Any CPU
		{4065FF38-3D10-4176-8384-33E64064A3B9}.Debug|x64.Build.0 = Debug|Any CPU
		{4065FF38-3D10-4176-8384-33E64064A3B9}.Debug|x86.ActiveCfg = Debug|Any CPU
		{4065FF38-3D10-4176-8384-33E64064A3B9}.Debug|x86.Build.0 = Debug|Any CPU
		{4065FF38-3D10-4176-8384-33E64064A3B9}.Release|Any CPU.ActiveCfg = Release|Any CPU
		{4065FF38-3D10-4176-8384-33E64064A3B9}.Release|Any CPU.Build.0 = Release|Any CPU
		{4065FF38-3D10-4176-8384-33E64064A3B9}.Release|x64.ActiveCfg = Release|Any CPU
		{4065FF38-3D10-4176-8384-33E64064A3B9}.Release|x64.Build.0 = Release|Any CPU
		{4065FF38-3D10-4176-8384-33E64064A3B9}.Release|x86.ActiveCfg = Release|Any CPU
		{4065FF38-3D10-4176-8384-33E64064A3B9}.Release|x86.Build.0 = Release|Any CPU
		{20AA8442-0CA7-4FCF-8595-0E07CAF189FF}.Debug|Any CPU.ActiveCfg = Debug|Any CPU
		{20AA8442-0CA7-4FCF-8595-0E07CAF189FF}.Debug|Any CPU.Build.0 = Debug|Any CPU
		{20AA8442-0CA7-4FCF-8595-0E07CAF189FF}.Debug|x64.ActiveCfg = Debug|Any CPU
		{20AA8442-0CA7-4FCF-8595-0E07CAF189FF}.Debug|x64.Build.0 = Debug|Any CPU
		{20AA8442-0CA7-4FCF-8595-0E07CAF189FF}.Debug|x86.ActiveCfg = Debug|Any CPU
		{20AA8442-0CA7-4FCF-8595-0E07CAF189FF}.Debug|x86.Build.0 = Debug|Any CPU
		{20AA8442-0CA7-4FCF-8595-0E07CAF189FF}.Release|Any CPU.ActiveCfg = Release|Any CPU
		{20AA8442-0CA7-4FCF-8595-0E07CAF189FF}.Release|Any CPU.Build.0 = Release|Any CPU
		{20AA8442-0CA7-4FCF-8595-0E07CAF189FF}.Release|x64.ActiveCfg = Release|Any CPU
		{20AA8442-0CA7-4FCF-8595-0E07CAF189FF}.Release|x64.Build.0 = Release|Any CPU
		{20AA8442-0CA7-4FCF-8595-0E07CAF189FF}.Release|x86.ActiveCfg = Release|Any CPU
		{20AA8442-0CA7-4FCF-8595-0E07CAF189FF}.Release|x86.Build.0 = Release|Any CPU
		{E81D4680-36EE-40E1-B4C9-32716F04AB3E}.Debug|Any CPU.ActiveCfg = Debug|Any CPU
		{E81D4680-36EE-40E1-B4C9-32716F04AB3E}.Debug|Any CPU.Build.0 = Debug|Any CPU
		{E81D4680-36EE-40E1-B4C9-32716F04AB3E}.Debug|x64.ActiveCfg = Debug|Any CPU
		{E81D4680-36EE-40E1-B4C9-32716F04AB3E}.Debug|x64.Build.0 = Debug|Any CPU
		{E81D4680-36EE-40E1-B4C9-32716F04AB3E}.Debug|x86.ActiveCfg = Debug|Any CPU
		{E81D4680-36EE-40E1-B4C9-32716F04AB3E}.Debug|x86.Build.0 = Debug|Any CPU
		{E81D4680-36EE-40E1-B4C9-32716F04AB3E}.Release|Any CPU.ActiveCfg = Release|Any CPU
		{E81D4680-36EE-40E1-B4C9-32716F04AB3E}.Release|Any CPU.Build.0 = Release|Any CPU
		{E81D4680-36EE-40E1-B4C9-32716F04AB3E}.Release|x64.ActiveCfg = Release|Any CPU
		{E81D4680-36EE-40E1-B4C9-32716F04AB3E}.Release|x64.Build.0 = Release|Any CPU
		{E81D4680-36EE-40E1-B4C9-32716F04AB3E}.Release|x86.ActiveCfg = Release|Any CPU
		{E81D4680-36EE-40E1-B4C9-32716F04AB3E}.Release|x86.Build.0 = Release|Any CPU
	EndGlobalSection
	GlobalSection(SolutionProperties) = preSolution
		HideSolutionNode = FALSE
	EndGlobalSection
	GlobalSection(NestedProjects) = preSolution
		{2FF1AA2C-DDF8-40A6-9B9F-8BC552E3CA2D} = {BDBA05E5-2B2F-4CC8-8B8B-A644A5840455}
		{F7BD202B-0E95-4BDF-86DB-EC27E11748E4} = {4873FD7C-E767-44E8-B807-15E238D572C9}
		{4065FF38-3D10-4176-8384-33E64064A3B9} = {E1E7480F-1D97-4EED-9C5C-2DFE174C7456}
		{20AA8442-0CA7-4FCF-8595-0E07CAF189FF} = {E1E7480F-1D97-4EED-9C5C-2DFE174C7456}
		{E81D4680-36EE-40E1-B4C9-32716F04AB3E} = {E1E7480F-1D97-4EED-9C5C-2DFE174C7456}
		{E1E7480F-1D97-4EED-9C5C-2DFE174C7456} = {80498384-5925-43B3-B5C0-95F110CCF62B}
		{4873FD7C-E767-44E8-B807-15E238D572C9} = {80498384-5925-43B3-B5C0-95F110CCF62B}
		{BDBA05E5-2B2F-4CC8-8B8B-A644A5840455} = {80498384-5925-43B3-B5C0-95F110CCF62B}
	EndGlobalSection
	GlobalSection(ExtensibilityGlobals) = postSolution
		SolutionGuid = {5DBC962D-3394-42CB-8ABD-26C09494FC1F}
	EndGlobalSection
EndGlobal
